
Microsoft Visual Studio Solution File, Format Version 12.00
# Visual Studio 14
VisualStudioVersion = 14.0.25123.0
MinimumVisualStudioVersion = 10.0.40219.1
Project("{2150E333-8FDC-42A3-9474-1A3956D46DE8}") = "src", "src", "{1DA88FFA-B8A3-45CE-B052-930A70DEABB0}"
EndProject
Project("{2150E333-8FDC-42A3-9474-1A3956D46DE8}") = "Solution Items", "Solution Items", "{194055A6-A2AC-42FC-8FD4-7846EF167478}"
	ProjectSection(SolutionItems) = preProject
		global.json = global.json
	EndProjectSection
EndProject
Project("{8BB2217D-0F2D-49D1-97BC-3654ED321F3B}") = "Migrap.AspNetCore.Hateoas", "src\Migrap.AspNetCore.Hateoas\Migrap.AspNetCore.Hateoas.xproj", "{78998123-B3B4-49C9-BC52-C6AD54E2B552}"
EndProject
Project("{8BB2217D-0F2D-49D1-97BC-3654ED321F3B}") = "Migrap.AspNetCore.Hateoas.Core", "src\Migrap.AspNetCore.Hateoas.Core\Migrap.AspNetCore.Hateoas.Core.xproj", "{5BD342F6-BA4B-4B7C-9788-3B37FCB8A0D1}"
EndProject
Project("{8BB2217D-0F2D-49D1-97BC-3654ED321F3B}") = "Migrap.AspNetCore.Hateoas.Siren", "src\Migrap.AspNetCore.Hateoas.Siren\Migrap.AspNetCore.Hateoas.Siren.xproj", "{D11826F5-636F-42B0-BFB2-6ADE464416F4}"
EndProject
Project("{2150E333-8FDC-42A3-9474-1A3956D46DE8}") = "samples", "samples", "{11DCF147-C32A-428A-9DD9-A744958A301F}"
EndProject
Project("{8BB2217D-0F2D-49D1-97BC-3654ED321F3B}") = "Sandbox", "samples\Sandbox\Sandbox.xproj", "{18B39748-28FC-4705-8852-0617EEBC5DFD}"
EndProject
Project("{8BB2217D-0F2D-49D1-97BC-3654ED321F3B}") = "Migrap.AspNetCore.Hateoas.Abstractions", "src\Migrap.AspNetCore.Hateoas.Abstractions\Migrap.AspNetCore.Hateoas.Abstractions.xproj", "{F00A1943-B7E5-4607-A46D-3508D4FAA0D7}"
EndProject
Project("{8BB2217D-0F2D-49D1-97BC-3654ED321F3B}") = "Migrap.AspNetCore.Hateoas.JsonApi", "src\Migrap.AspNetCore.Hateoas.JsonApi\Migrap.AspNetCore.Hateoas.JsonApi.xproj", "{097248ED-6A04-4266-8216-E33FD7C38FFA}"
EndProject
Project("{8BB2217D-0F2D-49D1-97BC-3654ED321F3B}") = "Migrap.AspNetCore.Hateoas.Reap", "src\Migrap.AspNetCore.Hateoas.Reap\Migrap.AspNetCore.Hateoas.Reap.xproj", "{51BF18BA-D5C4-4D31-B245-D0424CCDE44A}"
EndProject
Global
	GlobalSection(SolutionConfigurationPlatforms) = preSolution
		Debug|Any CPU = Debug|Any CPU
		Release|Any CPU = Release|Any CPU
	EndGlobalSection
	GlobalSection(ProjectConfigurationPlatforms) = postSolution
		{78998123-B3B4-49C9-BC52-C6AD54E2B552}.Debug|Any CPU.ActiveCfg = Debug|Any CPU
		{78998123-B3B4-49C9-BC52-C6AD54E2B552}.Debug|Any CPU.Build.0 = Debug|Any CPU
		{78998123-B3B4-49C9-BC52-C6AD54E2B552}.Release|Any CPU.ActiveCfg = Release|Any CPU
		{78998123-B3B4-49C9-BC52-C6AD54E2B552}.Release|Any CPU.Build.0 = Release|Any CPU
		{5BD342F6-BA4B-4B7C-9788-3B37FCB8A0D1}.Debug|Any CPU.ActiveCfg = Debug|Any CPU
		{5BD342F6-BA4B-4B7C-9788-3B37FCB8A0D1}.Debug|Any CPU.Build.0 = Debug|Any CPU
		{5BD342F6-BA4B-4B7C-9788-3B37FCB8A0D1}.Release|Any CPU.ActiveCfg = Release|Any CPU
		{5BD342F6-BA4B-4B7C-9788-3B37FCB8A0D1}.Release|Any CPU.Build.0 = Release|Any CPU
		{D11826F5-636F-42B0-BFB2-6ADE464416F4}.Debug|Any CPU.ActiveCfg = Debug|Any CPU
		{D11826F5-636F-42B0-BFB2-6ADE464416F4}.Debug|Any CPU.Build.0 = Debug|Any CPU
		{D11826F5-636F-42B0-BFB2-6ADE464416F4}.Release|Any CPU.ActiveCfg = Release|Any CPU
		{D11826F5-636F-42B0-BFB2-6ADE464416F4}.Release|Any CPU.Build.0 = Release|Any CPU
		{18B39748-28FC-4705-8852-0617EEBC5DFD}.Debug|Any CPU.ActiveCfg = Debug|Any CPU
		{18B39748-28FC-4705-8852-0617EEBC5DFD}.Debug|Any CPU.Build.0 = Debug|Any CPU
		{18B39748-28FC-4705-8852-0617EEBC5DFD}.Release|Any CPU.ActiveCfg = Release|Any CPU
		{18B39748-28FC-4705-8852-0617EEBC5DFD}.Release|Any CPU.Build.0 = Release|Any CPU
		{F00A1943-B7E5-4607-A46D-3508D4FAA0D7}.Debug|Any CPU.ActiveCfg = Debug|Any CPU
		{F00A1943-B7E5-4607-A46D-3508D4FAA0D7}.Debug|Any CPU.Build.0 = Debug|Any CPU
		{F00A1943-B7E5-4607-A46D-3508D4FAA0D7}.Release|Any CPU.ActiveCfg = Release|Any CPU
		{F00A1943-B7E5-4607-A46D-3508D4FAA0D7}.Release|Any CPU.Build.0 = Release|Any CPU
		{097248ED-6A04-4266-8216-E33FD7C38FFA}.Debug|Any CPU.ActiveCfg = Debug|Any CPU
		{097248ED-6A04-4266-8216-E33FD7C38FFA}.Debug|Any CPU.Build.0 = Debug|Any CPU
		{097248ED-6A04-4266-8216-E33FD7C38FFA}.Release|Any CPU.ActiveCfg = Release|Any CPU
		{097248ED-6A04-4266-8216-E33FD7C38FFA}.Release|Any CPU.Build.0 = Release|Any CPU
		{51BF18BA-D5C4-4D31-B245-D0424CCDE44A}.Debug|Any CPU.ActiveCfg = Debug|Any CPU
		{51BF18BA-D5C4-4D31-B245-D0424CCDE44A}.Debug|Any CPU.Build.0 = Debug|Any CPU
		{51BF18BA-D5C4-4D31-B245-D0424CCDE44A}.Release|Any CPU.ActiveCfg = Release|Any CPU
		{51BF18BA-D5C4-4D31-B245-D0424CCDE44A}.Release|Any CPU.Build.0 = Release|Any CPU
	EndGlobalSection
	GlobalSection(SolutionProperties) = preSolution
		HideSolutionNode = FALSE
	EndGlobalSection
	GlobalSection(NestedProjects) = preSolution
		{78998123-B3B4-49C9-BC52-C6AD54E2B552} = {1DA88FFA-B8A3-45CE-B052-930A70DEABB0}
		{5BD342F6-BA4B-4B7C-9788-3B37FCB8A0D1} = {1DA88FFA-B8A3-45CE-B052-930A70DEABB0}
		{D11826F5-636F-42B0-BFB2-6ADE464416F4} = {1DA88FFA-B8A3-45CE-B052-930A70DEABB0}
		{18B39748-28FC-4705-8852-0617EEBC5DFD} = {11DCF147-C32A-428A-9DD9-A744958A301F}
		{F00A1943-B7E5-4607-A46D-3508D4FAA0D7} = {1DA88FFA-B8A3-45CE-B052-930A70DEABB0}
		{097248ED-6A04-4266-8216-E33FD7C38FFA} = {1DA88FFA-B8A3-45CE-B052-930A70DEABB0}
		{51BF18BA-D5C4-4D31-B245-D0424CCDE44A} = {1DA88FFA-B8A3-45CE-B052-930A70DEABB0}
	EndGlobalSection
EndGlobal
