
Microsoft Visual Studio Solution File, Format Version 12.00
# Visual Studio 15
VisualStudioVersion = 15.0.26014.0
MinimumVisualStudioVersion = 10.0.40219.1
Project("{2150E333-8FDC-42A3-9474-1A3956D46DE8}") = "src", "src", "{1DD1ED61-4C6B-4392-84F4-788533C055B1}"
EndProject
Project("{FAE04EC0-301F-11D3-BF4B-00C04F79EFBC}") = "Migrap.AspNetCore.Hateoas.Abstractions", "src\Migrap.AspNetCore.Hateoas.Abstractions\Migrap.AspNetCore.Hateoas.Abstractions.csproj", "{A151771A-539A-4265-AFA0-120CAB00935A}"
EndProject
Project("{FAE04EC0-301F-11D3-BF4B-00C04F79EFBC}") = "Migrap.AspNetCore.Hateoas.Core", "src\Migrap.AspNetCore.Hateoas.Core\Migrap.AspNetCore.Hateoas.Core.csproj", "{5EDB54BB-8859-4B3B-B524-331B4E65BB4C}"
EndProject
Project("{FAE04EC0-301F-11D3-BF4B-00C04F79EFBC}") = "Migrap.AspNetCore.Hateoas", "src\Migrap.AspNetCore.Hateoas\Migrap.AspNetCore.Hateoas.csproj", "{C3B33155-3C06-4BF0-B059-B62077FF6C66}"
EndProject
Project("{FAE04EC0-301F-11D3-BF4B-00C04F79EFBC}") = "Migrap.AspNetCore.Hateoas.Siren", "src\Migrap.AspNetCore.Hateoas.Siren\Migrap.AspNetCore.Hateoas.Siren.csproj", "{F720ED51-7491-4D70-B46B-03E22511CAA1}"
EndProject
Project("{FAE04EC0-301F-11D3-BF4B-00C04F79EFBC}") = "Migrap.AspNetCore.Hateoas.JsonApi", "src\Migrap.AspNetCore.Hateoas.JsonApi\Migrap.AspNetCore.Hateoas.JsonApi.csproj", "{88AFF217-25DD-45B3-B958-C8F4CBDABAA2}"
EndProject
Project("{FAE04EC0-301F-11D3-BF4B-00C04F79EFBC}") = "Migrap.AspNetCore.Hateoas.Reap", "src\Migrap.AspNetCore.Hateoas.Reap\Migrap.AspNetCore.Hateoas.Reap.csproj", "{AC9EF9E3-360A-4963-B346-ED815B8D46EB}"
EndProject
Global
	GlobalSection(SolutionConfigurationPlatforms) = preSolution
		Debug|Any CPU = Debug|Any CPU
		Debug|x64 = Debug|x64
		Debug|x86 = Debug|x86
		Release|Any CPU = Release|Any CPU
		Release|x64 = Release|x64
		Release|x86 = Release|x86
	EndGlobalSection
	GlobalSection(ProjectConfigurationPlatforms) = postSolution
		{A151771A-539A-4265-AFA0-120CAB00935A}.Debug|Any CPU.ActiveCfg = Debug|Any CPU
		{A151771A-539A-4265-AFA0-120CAB00935A}.Debug|Any CPU.Build.0 = Debug|Any CPU
		{A151771A-539A-4265-AFA0-120CAB00935A}.Debug|x64.ActiveCfg = Debug|x64
		{A151771A-539A-4265-AFA0-120CAB00935A}.Debug|x64.Build.0 = Debug|x64
		{A151771A-539A-4265-AFA0-120CAB00935A}.Debug|x86.ActiveCfg = Debug|x86
		{A151771A-539A-4265-AFA0-120CAB00935A}.Debug|x86.Build.0 = Debug|x86
		{A151771A-539A-4265-AFA0-120CAB00935A}.Release|Any CPU.ActiveCfg = Release|Any CPU
		{A151771A-539A-4265-AFA0-120CAB00935A}.Release|Any CPU.Build.0 = Release|Any CPU
		{A151771A-539A-4265-AFA0-120CAB00935A}.Release|x64.ActiveCfg = Release|x64
		{A151771A-539A-4265-AFA0-120CAB00935A}.Release|x64.Build.0 = Release|x64
		{A151771A-539A-4265-AFA0-120CAB00935A}.Release|x86.ActiveCfg = Release|x86
		{A151771A-539A-4265-AFA0-120CAB00935A}.Release|x86.Build.0 = Release|x86
		{5EDB54BB-8859-4B3B-B524-331B4E65BB4C}.Debug|Any CPU.ActiveCfg = Debug|Any CPU
		{5EDB54BB-8859-4B3B-B524-331B4E65BB4C}.Debug|Any CPU.Build.0 = Debug|Any CPU
		{5EDB54BB-8859-4B3B-B524-331B4E65BB4C}.Debug|x64.ActiveCfg = Debug|x64
		{5EDB54BB-8859-4B3B-B524-331B4E65BB4C}.Debug|x64.Build.0 = Debug|x64
		{5EDB54BB-8859-4B3B-B524-331B4E65BB4C}.Debug|x86.ActiveCfg = Debug|x86
		{5EDB54BB-8859-4B3B-B524-331B4E65BB4C}.Debug|x86.Build.0 = Debug|x86
		{5EDB54BB-8859-4B3B-B524-331B4E65BB4C}.Release|Any CPU.ActiveCfg = Release|Any CPU
		{5EDB54BB-8859-4B3B-B524-331B4E65BB4C}.Release|Any CPU.Build.0 = Release|Any CPU
		{5EDB54BB-8859-4B3B-B524-331B4E65BB4C}.Release|x64.ActiveCfg = Release|x64
		{5EDB54BB-8859-4B3B-B524-331B4E65BB4C}.Release|x64.Build.0 = Release|x64
		{5EDB54BB-8859-4B3B-B524-331B4E65BB4C}.Release|x86.ActiveCfg = Release|x86
		{5EDB54BB-8859-4B3B-B524-331B4E65BB4C}.Release|x86.Build.0 = Release|x86
		{C3B33155-3C06-4BF0-B059-B62077FF6C66}.Debug|Any CPU.ActiveCfg = Debug|Any CPU
		{C3B33155-3C06-4BF0-B059-B62077FF6C66}.Debug|Any CPU.Build.0 = Debug|Any CPU
		{C3B33155-3C06-4BF0-B059-B62077FF6C66}.Debug|x64.ActiveCfg = Debug|x64
		{C3B33155-3C06-4BF0-B059-B62077FF6C66}.Debug|x64.Build.0 = Debug|x64
		{C3B33155-3C06-4BF0-B059-B62077FF6C66}.Debug|x86.ActiveCfg = Debug|x86
		{C3B33155-3C06-4BF0-B059-B62077FF6C66}.Debug|x86.Build.0 = Debug|x86
		{C3B33155-3C06-4BF0-B059-B62077FF6C66}.Release|Any CPU.ActiveCfg = Release|Any CPU
		{C3B33155-3C06-4BF0-B059-B62077FF6C66}.Release|Any CPU.Build.0 = Release|Any CPU
		{C3B33155-3C06-4BF0-B059-B62077FF6C66}.Release|x64.ActiveCfg = Release|x64
		{C3B33155-3C06-4BF0-B059-B62077FF6C66}.Release|x64.Build.0 = Release|x64
		{C3B33155-3C06-4BF0-B059-B62077FF6C66}.Release|x86.ActiveCfg = Release|x86
		{C3B33155-3C06-4BF0-B059-B62077FF6C66}.Release|x86.Build.0 = Release|x86
		{F720ED51-7491-4D70-B46B-03E22511CAA1}.Debug|Any CPU.ActiveCfg = Debug|Any CPU
		{F720ED51-7491-4D70-B46B-03E22511CAA1}.Debug|Any CPU.Build.0 = Debug|Any CPU
		{F720ED51-7491-4D70-B46B-03E22511CAA1}.Debug|x64.ActiveCfg = Debug|x64
		{F720ED51-7491-4D70-B46B-03E22511CAA1}.Debug|x64.Build.0 = Debug|x64
		{F720ED51-7491-4D70-B46B-03E22511CAA1}.Debug|x86.ActiveCfg = Debug|x86
		{F720ED51-7491-4D70-B46B-03E22511CAA1}.Debug|x86.Build.0 = Debug|x86
		{F720ED51-7491-4D70-B46B-03E22511CAA1}.Release|Any CPU.ActiveCfg = Release|Any CPU
		{F720ED51-7491-4D70-B46B-03E22511CAA1}.Release|Any CPU.Build.0 = Release|Any CPU
		{F720ED51-7491-4D70-B46B-03E22511CAA1}.Release|x64.ActiveCfg = Release|x64
		{F720ED51-7491-4D70-B46B-03E22511CAA1}.Release|x64.Build.0 = Release|x64
		{F720ED51-7491-4D70-B46B-03E22511CAA1}.Release|x86.ActiveCfg = Release|x86
		{F720ED51-7491-4D70-B46B-03E22511CAA1}.Release|x86.Build.0 = Release|x86
		{88AFF217-25DD-45B3-B958-C8F4CBDABAA2}.Debug|Any CPU.ActiveCfg = Debug|Any CPU
		{88AFF217-25DD-45B3-B958-C8F4CBDABAA2}.Debug|Any CPU.Build.0 = Debug|Any CPU
		{88AFF217-25DD-45B3-B958-C8F4CBDABAA2}.Debug|x64.ActiveCfg = Debug|x64
		{88AFF217-25DD-45B3-B958-C8F4CBDABAA2}.Debug|x64.Build.0 = Debug|x64
		{88AFF217-25DD-45B3-B958-C8F4CBDABAA2}.Debug|x86.ActiveCfg = Debug|x86
		{88AFF217-25DD-45B3-B958-C8F4CBDABAA2}.Debug|x86.Build.0 = Debug|x86
		{88AFF217-25DD-45B3-B958-C8F4CBDABAA2}.Release|Any CPU.ActiveCfg = Release|Any CPU
		{88AFF217-25DD-45B3-B958-C8F4CBDABAA2}.Release|Any CPU.Build.0 = Release|Any CPU
		{88AFF217-25DD-45B3-B958-C8F4CBDABAA2}.Release|x64.ActiveCfg = Release|x64
		{88AFF217-25DD-45B3-B958-C8F4CBDABAA2}.Release|x64.Build.0 = Release|x64
		{88AFF217-25DD-45B3-B958-C8F4CBDABAA2}.Release|x86.ActiveCfg = Release|x86
		{88AFF217-25DD-45B3-B958-C8F4CBDABAA2}.Release|x86.Build.0 = Release|x86
		{AC9EF9E3-360A-4963-B346-ED815B8D46EB}.Debug|Any CPU.ActiveCfg = Debug|Any CPU
		{AC9EF9E3-360A-4963-B346-ED815B8D46EB}.Debug|Any CPU.Build.0 = Debug|Any CPU
		{AC9EF9E3-360A-4963-B346-ED815B8D46EB}.Debug|x64.ActiveCfg = Debug|x64
		{AC9EF9E3-360A-4963-B346-ED815B8D46EB}.Debug|x64.Build.0 = Debug|x64
		{AC9EF9E3-360A-4963-B346-ED815B8D46EB}.Debug|x86.ActiveCfg = Debug|x86
		{AC9EF9E3-360A-4963-B346-ED815B8D46EB}.Debug|x86.Build.0 = Debug|x86
		{AC9EF9E3-360A-4963-B346-ED815B8D46EB}.Release|Any CPU.ActiveCfg = Release|Any CPU
		{AC9EF9E3-360A-4963-B346-ED815B8D46EB}.Release|Any CPU.Build.0 = Release|Any CPU
		{AC9EF9E3-360A-4963-B346-ED815B8D46EB}.Release|x64.ActiveCfg = Release|x64
		{AC9EF9E3-360A-4963-B346-ED815B8D46EB}.Release|x64.Build.0 = Release|x64
		{AC9EF9E3-360A-4963-B346-ED815B8D46EB}.Release|x86.ActiveCfg = Release|x86
		{AC9EF9E3-360A-4963-B346-ED815B8D46EB}.Release|x86.Build.0 = Release|x86
	EndGlobalSection
	GlobalSection(SolutionProperties) = preSolution
		HideSolutionNode = FALSE
	EndGlobalSection
	GlobalSection(NestedProjects) = preSolution
		{A151771A-539A-4265-AFA0-120CAB00935A} = {1DD1ED61-4C6B-4392-84F4-788533C055B1}
		{5EDB54BB-8859-4B3B-B524-331B4E65BB4C} = {1DD1ED61-4C6B-4392-84F4-788533C055B1}
		{C3B33155-3C06-4BF0-B059-B62077FF6C66} = {1DD1ED61-4C6B-4392-84F4-788533C055B1}
		{F720ED51-7491-4D70-B46B-03E22511CAA1} = {1DD1ED61-4C6B-4392-84F4-788533C055B1}
		{88AFF217-25DD-45B3-B958-C8F4CBDABAA2} = {1DD1ED61-4C6B-4392-84F4-788533C055B1}
		{AC9EF9E3-360A-4963-B346-ED815B8D46EB} = {1DD1ED61-4C6B-4392-84F4-788533C055B1}
	EndGlobalSection
EndGlobal
